{"1.1.0",
[{<<"amf">>,{pkg,<<"amf">>,<<"0.1.4">>},0},
 {<<"splay_tree">>,{pkg,<<"splay_tree">>,<<"1.0.1">>},0}]}.
[
{pkg_hash,[
 {<<"amf">>, <<"D4039E0A594B22AD33F1682CFB3E7D071BEE7EBB231DE431CD94E1001AB58383">>},
 {<<"splay_tree">>, <<"B2B5F732E59A821658F1F0908D2B5FB3363787A98CD5F74AF4DC8B83D57FF4F6">>}]}
].
